symfony v2.0.17
twig v1.9.2
monolog 1.0.2
doctrine-common 2.1.4
doctrine-dbal 2.1.7
doctrine 2.1.7
swiftmailer v4.2.1
assetic v1.0.3
twig-extensions feb6d3f10c411e2631997c0a905aa581c80305c1
metadata 1.0.0
SensioFrameworkExtraBundle v2.0.17
JMSSecurityExtraBundle e752f888c51425f71382c056961f10f2be642102
SensioGeneratorBundle v2.0.17
AsseticBundle 6f15728c1aefa5246caa83730e3dbf70b0d46052
FOSUserBundle c59e90d5f9b43fccc429e82b600bc9768d109e06
SonataEasyExtendsBundle a66be8bdb1fe4ceaaf9fd62c98d7194337bfdddf
SonatajQueryBundle 01ffb8d1a7a4bb3971aed003e4f1ef050a0701aa
KnpMenuBundle 462b7b40e5c17813a6d14929d7bca7d0511c7736
KnpMenu f818c58d89885c5eb1e305f5b7360588fd49fbab
SensioDistributionBundle 28cf2005db1877e2b66a8661b3effa3353777a3c
